{
  "object": {
    "pins": [
      {
        "package": "Files",
        "repositoryURL": "https://github.com/rsyncOSX/Files",
        "state": {
          "branch": null,
          "revision": "d273b5b7025d386feef79ef6bad7de762e106eaf",
          "version": "4.2.0"
        }
      },
      {
        "package": "ShellOut",
        "repositoryURL": "https://github.com/rsyncOSX/ShellOut.git",
        "state": {
          "branch": null,
          "revision": "e1577acf2b6e90086d01a6d5e2b8efdaae033568",
          "version": "2.3.0"
        }
      }
    ]
  },
  "version": 1
}
