{
  "pins" : [
    {
      "identity" : "shellout",
      "kind" : "remoteSourceControl",
      "location" : "https://github.com/SwiftPackageIndex/ShellOut",
      "state" : {
        "revision" : "e862e8866c9d5d3fbc394aefdc8428f31c99355c",
        "version" : "3.1.4"
      }
    },
    {
      "identity" : "shellquote",
      "kind" : "remoteSourceControl",
      "location" : "https://github.com/SwiftPackageIndex/ShellQuote",
      "state" : {
        "revision" : "5f555550c30ef43d64b36b40c2c291a95d62580c",
        "version" : "1.0.2"
      }
    },
    {
      "identity" : "swift-algorithms",
      "kind" : "remoteSourceControl",
      "location" : "https://github.com/apple/swift-algorithms.git",
      "state" : {
        "revision" : "b14b7f4c528c942f121c8b860b9410b2bf57825e",
        "version" : "1.0.0"
      }
    },
    {
      "identity" : "swift-log",
      "kind" : "remoteSourceControl",
      "location" : "https://github.com/apple/swift-log.git",
      "state" : {
        "revision" : "532d8b529501fb73a2455b179e0bbb6d49b652ed",
        "version" : "1.5.3"
      }
    },
    {
      "identity" : "swift-numerics",
      "kind" : "remoteSourceControl",
      "location" : "https://github.com/apple/swift-numerics",
      "state" : {
        "revision" : "0a5bc04095a675662cf24757cc0640aa2204253b",
        "version" : "1.0.2"
      }
    },
    {
      "identity" : "swift-system",
      "kind" : "remoteSourceControl",
      "location" : "https://github.com/apple/swift-system.git",
      "state" : {
        "revision" : "025bcb1165deab2e20d4eaba79967ce73013f496",
        "version" : "1.2.1"
      }
    },
    {
      "identity" : "swift-tools-support-core",
      "kind" : "remoteSourceControl",
      "location" : "https://github.com/apple/swift-tools-support-core.git",
      "state" : {
        "revision" : "3b13e439a341bbbfe0f710c7d1be37221745ef1a",
        "version" : "0.6.1"
      }
    }
  ],
  "version" : 2
}
