// !$*UTF8*$!
{
	archiveVersion = 1;
	classes = {
	};
	objectVersion = 46;
	objects = {

/* Begin PBXBuildFile section */
		A0041EEF1D7D4357002BF081 /* ScheduleSortedAndExpanded.swift in Sources */ = {isa = PBXBuildFile; fileRef = A0041EEE1D7D4357002BF081 /* ScheduleSortedAndExpanded.swift */; };
		A004D81A1D9586580016914F /* ViewControllerLoggData.swift in Sources */ = {isa = PBXBuildFile; fileRef = A004D8191D9586580016914F /* ViewControllerLoggData.swift */; };
		A00FE1A81D6A19CF00012089 /* ViewControllerNewConfigurations.swift in Sources */ = {isa = PBXBuildFile; fileRef = A00FE1A71D6A19CF00012089 /* ViewControllerNewConfigurations.swift */; };
		A00FE1AA1D6A1AAB00012089 /* Alerts.swift in Sources */ = {isa = PBXBuildFile; fileRef = A00FE1A91D6A1AAB00012089 /* Alerts.swift */; };
		A017E2A01D7D3242003016F5 /* ViewControllerEdit.swift in Sources */ = {isa = PBXBuildFile; fileRef = A017E29F1D7D3242003016F5 /* ViewControllerEdit.swift */; };
		A02A4AD91D7EFD3D0059CECD /* ViewControllerScheduleDetails.swift in Sources */ = {isa = PBXBuildFile; fileRef = A02A4AD81D7EFD3D0059CECD /* ViewControllerScheduleDetails.swift */; };
		A03876E11DB4FD9D00C14AEA /* ViewControllerProfile.swift in Sources */ = {isa = PBXBuildFile; fileRef = A03876E01DB4FD9D00C14AEA /* ViewControllerProfile.swift */; };
		A0400C851D794EF1008A3949 /* ViewControllerNewVersion.swift in Sources */ = {isa = PBXBuildFile; fileRef = A0400C841D794EF1008A3949 /* ViewControllerNewVersion.swift */; };
		A0400C871D794FF8008A3949 /* Checkfornewversion.swift in Sources */ = {isa = PBXBuildFile; fileRef = A0400C861D794FF8008A3949 /* Checkfornewversion.swift */; };
		A0430ADA1DAFFD3C00BBC106 /* SingleTaskWorkQueu.swift in Sources */ = {isa = PBXBuildFile; fileRef = A0430AD91DAFFD3C00BBC106 /* SingleTaskWorkQueu.swift */; };
		A04492861D658EE800B3CE17 /* AppDelegate.swift in Sources */ = {isa = PBXBuildFile; fileRef = A04492851D658EE800B3CE17 /* AppDelegate.swift */; };
		A044928A1D658EE800B3CE17 /* Assets.xcassets in Resources */ = {isa = PBXBuildFile; fileRef = A04492891D658EE800B3CE17 /* Assets.xcassets */; };
		A044928D1D658EE800B3CE17 /* Main.storyboard in Resources */ = {isa = PBXBuildFile; fileRef = A044928B1D658EE800B3CE17 /* Main.storyboard */; };
		A04492A91D658F2100B3CE17 /* ytcpsocket.c in Sources */ = {isa = PBXBuildFile; fileRef = A04492951D658F2100B3CE17 /* ytcpsocket.c */; };
		A04492AA1D658F2100B3CE17 /* yudpsocket.c in Sources */ = {isa = PBXBuildFile; fileRef = A04492961D658F2100B3CE17 /* yudpsocket.c */; };
		A04492AC1D658F2100B3CE17 /* Configuration.swift in Sources */ = {isa = PBXBuildFile; fileRef = A04492981D658F2100B3CE17 /* Configuration.swift */; };
		A04492B01D658F2100B3CE17 /* PersistentStorageScheduling.swift in Sources */ = {isa = PBXBuildFile; fileRef = A044929C1D658F2100B3CE17 /* PersistentStorageScheduling.swift */; };
		A04492B21D658F2100B3CE17 /* RsyncParametersProcess.swift in Sources */ = {isa = PBXBuildFile; fileRef = A044929E1D658F2100B3CE17 /* RsyncParametersProcess.swift */; };
		A04492B41D658F2100B3CE17 /* CopyFileArguments.swift in Sources */ = {isa = PBXBuildFile; fileRef = A04492A01D658F2100B3CE17 /* CopyFileArguments.swift */; };
		A04492B71D658F2100B3CE17 /* PersistentStorageAPI.swift in Sources */ = {isa = PBXBuildFile; fileRef = A04492A31D658F2100B3CE17 /* PersistentStorageAPI.swift */; };
		A04492BA1D658F2100B3CE17 /* ysocket.swift in Sources */ = {isa = PBXBuildFile; fileRef = A04492A61D658F2100B3CE17 /* ysocket.swift */; };
		A04492BB1D658F2100B3CE17 /* ytcpsocket.swift in Sources */ = {isa = PBXBuildFile; fileRef = A04492A71D658F2100B3CE17 /* ytcpsocket.swift */; };
		A04492BC1D658F2100B3CE17 /* yudpsocket.swift in Sources */ = {isa = PBXBuildFile; fileRef = A04492A81D658F2100B3CE17 /* yudpsocket.swift */; };
		A04972511D6595B200086EFD /* OutputProcess.swift in Sources */ = {isa = PBXBuildFile; fileRef = A049724F1D6595B200086EFD /* OutputProcess.swift */; };
		A05275DA1D6F6E0000D8ECBE /* BatchTaskWorkQueu.swift in Sources */ = {isa = PBXBuildFile; fileRef = A05275D91D6F6E0000D8ECBE /* BatchTaskWorkQueu.swift */; };
		A054F1A91D6D773E00D27688 /* ViewControllerInformation.swift in Sources */ = {isa = PBXBuildFile; fileRef = A054F1A81D6D773E00D27688 /* ViewControllerInformation.swift */; };
		A0762A1F1DB4A8F000538CE9 /* Profiles.swift in Sources */ = {isa = PBXBuildFile; fileRef = A0762A1E1DB4A8F000538CE9 /* Profiles.swift */; };
		A08110671D6DA7D8009444D3 /* ViewControllerProgressProcess.swift in Sources */ = {isa = PBXBuildFile; fileRef = A08110661D6DA7D8009444D3 /* ViewControllerProgressProcess.swift */; };
		A091C6581D86A0A800278E74 /* ViewControllerCopyFiles.swift in Sources */ = {isa = PBXBuildFile; fileRef = A091C6571D86A0A800278E74 /* ViewControllerCopyFiles.swift */; };
		A091C65B1D86A59500278E74 /* CopySingleFiles.swift in Sources */ = {isa = PBXBuildFile; fileRef = A091C65A1D86A59500278E74 /* CopySingleFiles.swift */; };
		A0A403521D76BD2E00A30017 /* ViewControllerRsyncParameters.swift in Sources */ = {isa = PBXBuildFile; fileRef = A0A403501D76BD2E00A30017 /* ViewControllerRsyncParameters.swift */; };
		A0AA33811D6F926A00DF4C77 /* ViewControllerBatch.swift in Sources */ = {isa = PBXBuildFile; fileRef = A0AA33801D6F926A00DF4C77 /* ViewControllerBatch.swift */; };
		A0AD15AE1D7DB78F0004600F /* ScheduleOperationTimer.swift in Sources */ = {isa = PBXBuildFile; fileRef = A0AD15AD1D7DB78F0004600F /* ScheduleOperationTimer.swift */; };
		A0B340B21D67077A00C6DAC3 /* ViewControllertabMain.swift in Sources */ = {isa = PBXBuildFile; fileRef = A0B340B11D67077A00C6DAC3 /* ViewControllertabMain.swift */; };
		A0B340B41D67079700C6DAC3 /* ViewControllertabSchedule.swift in Sources */ = {isa = PBXBuildFile; fileRef = A0B340B31D67079700C6DAC3 /* ViewControllertabSchedule.swift */; };
		A0B3D9741D758E20001E190E /* ViewControllerUserconfiguration.swift in Sources */ = {isa = PBXBuildFile; fileRef = A0B3D9731D758E20001E190E /* ViewControllerUserconfiguration.swift */; };
		A0CACFD41DA2738500C5997A /* RsyncParametersVC.swift in Sources */ = {isa = PBXBuildFile; fileRef = A0CACFD31DA2738500C5997A /* RsyncParametersVC.swift */; };
		A0DD27081D92DDF400D56899 /* FileDialog.swift in Sources */ = {isa = PBXBuildFile; fileRef = A0DD27071D92DDF400D56899 /* FileDialog.swift */; };
		A0EE98991D8948310034F1A4 /* ViewControllerInformationCopyFiles.swift in Sources */ = {isa = PBXBuildFile; fileRef = A0EE98981D8948310034F1A4 /* ViewControllerInformationCopyFiles.swift */; };
		A0EFB4501DC080A9008C21A6 /* PersistentStorageUserconfiguration.swift in Sources */ = {isa = PBXBuildFile; fileRef = A0EFB44F1DC080A9008C21A6 /* PersistentStorageUserconfiguration.swift */; };
		A0F2E20C1D6D91AA0091E8BF /* Userconfiguration.swift in Sources */ = {isa = PBXBuildFile; fileRef = A0F2E20B1D6D91AA0091E8BF /* Userconfiguration.swift */; };
		A0F3F9251DC65CE9001D305F /* ViewControllerScheduledBackupInWork.swift in Sources */ = {isa = PBXBuildFile; fileRef = A0F3F9241DC65CE9001D305F /* ViewControllerScheduledBackupInWork.swift */; };
		A0FAF5CF1DDF2E5F0009FE7A /* ViewControllerAbout.swift in Sources */ = {isa = PBXBuildFile; fileRef = A0FAF5CE1DDF2E5F0009FE7A /* ViewControllerAbout.swift */; };
		A0FC45641D9545CC005208EF /* ScheduleLoggData.swift in Sources */ = {isa = PBXBuildFile; fileRef = A0FC45631D9545CC005208EF /* ScheduleLoggData.swift */; };
		E905DC111EACF7550003BF37 /* ViewControllerSsh.swift in Sources */ = {isa = PBXBuildFile; fileRef = E905DC101EACF7550003BF37 /* ViewControllerSsh.swift */; };
		E905EDB41FED05B10044234E /* QuickBackup.swift in Sources */ = {isa = PBXBuildFile; fileRef = E905EDB31FED05B10044234E /* QuickBackup.swift */; };
		E90F3C41201659720089D68B /* ViewControllerSnapshots.swift in Sources */ = {isa = PBXBuildFile; fileRef = E90F3C40201659720089D68B /* ViewControllerSnapshots.swift */; };
		E91A68901EA777690056BCFC /* ScheduleWriteLoggData.swift in Sources */ = {isa = PBXBuildFile; fileRef = E91A688F1EA777690056BCFC /* ScheduleWriteLoggData.swift */; };
		E91B6E8A1FFA17B800A2231A /* ViewControllerRemoteInfo.swift in Sources */ = {isa = PBXBuildFile; fileRef = E91B6E891FFA17B800A2231A /* ViewControllerRemoteInfo.swift */; };
		E9230C0E1E6DDC57001D9954 /* RsyncParametersSingleFilesArguments.swift in Sources */ = {isa = PBXBuildFile; fileRef = E9230C0D1E6DDC57001D9954 /* RsyncParametersSingleFilesArguments.swift */; };
		E9231AFB1F6E3D270055000C /* NewConfigurations.swift in Sources */ = {isa = PBXBuildFile; fileRef = E9231AFA1F6E3D260055000C /* NewConfigurations.swift */; };
		E9234FFB1EB068AE00A4C550 /* Files.swift in Sources */ = {isa = PBXBuildFile; fileRef = E9234FFA1EB068AE00A4C550 /* Files.swift */; };
		E9235E7A201BC27F0060E3B2 /* SnapshotDeleteCatalogsArguments.swift in Sources */ = {isa = PBXBuildFile; fileRef = E9235E79201BC27F0060E3B2 /* SnapshotDeleteCatalogsArguments.swift */; };
		E92A623B203D7B1C000B9300 /* Notifications.swift in Sources */ = {isa = PBXBuildFile; fileRef = E92A623A203D7B1C000B9300 /* Notifications.swift */; };
		E92D03192010CB2D00A92813 /* SnapshotCreateCatalog.swift in Sources */ = {isa = PBXBuildFile; fileRef = E92D03182010CB2D00A92813 /* SnapshotCreateCatalog.swift */; };
		E92E1B981E7438CF004876D8 /* Help.swift in Sources */ = {isa = PBXBuildFile; fileRef = E92E1B971E7438CF004876D8 /* Help.swift */; };
		E9374D2C1E3299E800CD3945 /* ExecuteTaskTimer.swift in Sources */ = {isa = PBXBuildFile; fileRef = E9374D2B1E3299E800CD3945 /* ExecuteTaskTimer.swift */; };
		E9374D2E1E329A5800CD3945 /* CompleteScheduledOperation.swift in Sources */ = {isa = PBXBuildFile; fileRef = E9374D2D1E329A5800CD3945 /* CompleteScheduledOperation.swift */; };
		E93D82141E79C69500B20965 /* ViewControllerHelp.swift in Sources */ = {isa = PBXBuildFile; fileRef = E93D82131E79C69500B20965 /* ViewControllerHelp.swift */; };
		E942FF291FED41D0004191B5 /* ViewControllerQuickBackup.swift in Sources */ = {isa = PBXBuildFile; fileRef = E942FF281FED41D0004191B5 /* ViewControllerQuickBackup.swift */; };
		E943DC661FF90A6600E6B8B7 /* RemoteInfoTask.swift in Sources */ = {isa = PBXBuildFile; fileRef = E943DC651FF90A6600E6B8B7 /* RemoteInfoTask.swift */; };
		E943DC681FF9115200E6B8B7 /* EstimateRemoteInformationTask.swift in Sources */ = {isa = PBXBuildFile; fileRef = E943DC671FF9115200E6B8B7 /* EstimateRemoteInformationTask.swift */; };
		E943DC6A1FF9141D00E6B8B7 /* RemoteInfoTaskWorkQueue.swift in Sources */ = {isa = PBXBuildFile; fileRef = E943DC691FF9141D00E6B8B7 /* RemoteInfoTaskWorkQueue.swift */; };
		E94DC7D81F9B6FE4009CA835 /* ScheduleOperationDispatch.swift in Sources */ = {isa = PBXBuildFile; fileRef = E94DC7D71F9B6FE4009CA835 /* ScheduleOperationDispatch.swift */; };
		E9573549201BB83E00316257 /* SnapshotCommandDeleteCatalogs.swift in Sources */ = {isa = PBXBuildFile; fileRef = E9573548201BB83E00316257 /* SnapshotCommandDeleteCatalogs.swift */; };
		E957B1121F5F17220099947A /* ViewControllerReference.swift in Sources */ = {isa = PBXBuildFile; fileRef = E957B1111F5F17220099947A /* ViewControllerReference.swift */; };
		E958CDDF1FA4CEBD00EA37A5 /* ViewControllerExtensions.swift in Sources */ = {isa = PBXBuildFile; fileRef = E958CDDE1FA4CEBD00EA37A5 /* ViewControllerExtensions.swift */; };
		E9609EF51F229F5900F5BFAA /* PersistentStorageConfiguration.swift in Sources */ = {isa = PBXBuildFile; fileRef = E9609EF41F229F5900F5BFAA /* PersistentStorageConfiguration.swift */; };
		E9612CB31F9BCBD4003A3CAE /* ExecuteTaskDispatch.swift in Sources */ = {isa = PBXBuildFile; fileRef = E9612CB21F9BCBD4003A3CAE /* ExecuteTaskDispatch.swift */; };
		E9614AD61F231AFC00CAE21A /* Tools.swift in Sources */ = {isa = PBXBuildFile; fileRef = E9614AD51F231AFC00CAE21A /* Tools.swift */; };
		E96CA1FE1E094C3000CD1D03 /* Resources.swift in Sources */ = {isa = PBXBuildFile; fileRef = E96CA1FD1E094C3000CD1D03 /* Resources.swift */; };
		E9764F60204BEE970018C0D7 /* AllProfiles.swift in Sources */ = {isa = PBXBuildFile; fileRef = E9764F5F204BEE970018C0D7 /* AllProfiles.swift */; };
		E97C09A71EFAFBC400E86999 /* BatchTask.swift in Sources */ = {isa = PBXBuildFile; fileRef = E97C09A61EFAFBC400E86999 /* BatchTask.swift */; };
		E97E3BA71F6256DB00411D0E /* Configurations.swift in Sources */ = {isa = PBXBuildFile; fileRef = E97E3BA61F6256DB00411D0E /* Configurations.swift */; };
		E989CE961EF948D0000CB7C2 /* ChmodPubKey.swift in Sources */ = {isa = PBXBuildFile; fileRef = E989CE951EF948D0000CB7C2 /* ChmodPubKey.swift */; };
		E99FC81D200FD88D00477B1A /* SnapshotCreateCatalogArguments.swift in Sources */ = {isa = PBXBuildFile; fileRef = E99FC81C200FD88D00477B1A /* SnapshotCreateCatalogArguments.swift */; };
		E9A63064202B425D00F1FFF1 /* Running.swift in Sources */ = {isa = PBXBuildFile; fileRef = E9A63063202B425D00F1FFF1 /* Running.swift */; };
		E9A8D81C1ED20AEB009648DE /* GetRemoteFileListingsArguments.swift in Sources */ = {isa = PBXBuildFile; fileRef = E9A8D81B1ED20AEB009648DE /* GetRemoteFileListingsArguments.swift */; };
		E9C30B4B201623B00079C63D /* SnapshotsLoggData.swift in Sources */ = {isa = PBXBuildFile; fileRef = E9C30B4A201623B00079C63D /* SnapshotsLoggData.swift */; };
		E9C30B4D201625500079C63D /* SnapshotCommandSubCatalogs.swift in Sources */ = {isa = PBXBuildFile; fileRef = E9C30B4C201625500079C63D /* SnapshotCommandSubCatalogs.swift */; };
		E9C6EA8A1ED2AE2F00680D4D /* Numbers.swift in Sources */ = {isa = PBXBuildFile; fileRef = E9C6EA891ED2AE2F00680D4D /* Numbers.swift */; };
		E9CF14141E729540008E8A15 /* RsyncScheduled.swift in Sources */ = {isa = PBXBuildFile; fileRef = E9CF14131E729540008E8A15 /* RsyncScheduled.swift */; };
		E9CF14161E729636008E8A15 /* CommandCopyFiles.swift in Sources */ = {isa = PBXBuildFile; fileRef = E9CF14151E729636008E8A15 /* CommandCopyFiles.swift */; };
		E9D0A0121F9CBDFE0050A868 /* OperationFactory.swift in Sources */ = {isa = PBXBuildFile; fileRef = E9D0A0111F9CBDFE0050A868 /* OperationFactory.swift */; };
		E9DCEA871E75F67200A69B4D /* OutputBatch.swift in Sources */ = {isa = PBXBuildFile; fileRef = E9DCEA861E75F67200A69B4D /* OutputBatch.swift */; };
		E9E1D8401F767B740040C813 /* InfoSchedulesSortedAndExpanded.swift in Sources */ = {isa = PBXBuildFile; fileRef = E9E1D83F1F767B740040C813 /* InfoSchedulesSortedAndExpanded.swift */; };
		E9E63E42200EA62600CBD1A0 /* SnapshotCurrent.swift in Sources */ = {isa = PBXBuildFile; fileRef = E9E63E41200EA62600CBD1A0 /* SnapshotCurrent.swift */; };
		E9E63E44200EA6C300CBD1A0 /* SnapshotCurrentArguments.swift in Sources */ = {isa = PBXBuildFile; fileRef = E9E63E43200EA6C300CBD1A0 /* SnapshotCurrentArguments.swift */; };
		E9E70A3C1FF3BCB30099554D /* RsyncVersionString.swift in Sources */ = {isa = PBXBuildFile; fileRef = E9E70A3B1FF3BCB30099554D /* RsyncVersionString.swift */; };
		E9E763711E6AEA5300B45E8D /* ViewControllerCopyFilesSource.swift in Sources */ = {isa = PBXBuildFile; fileRef = E9E763701E6AEA5300B45E8D /* ViewControllerCopyFilesSource.swift */; };
		E9E88FD01EB25A080028432F /* ScpArgumentsSsh.swift in Sources */ = {isa = PBXBuildFile; fileRef = E9E88FCF1EB25A080028432F /* ScpArgumentsSsh.swift */; };
		E9EC78711EACE082001EED9B /* Ssh.swift in Sources */ = {isa = PBXBuildFile; fileRef = E9EC78701EACE082001EED9B /* Ssh.swift */; };
		E9F068EC1F27B7FB00DDF1A1 /* SingleTask.swift in Sources */ = {isa = PBXBuildFile; fileRef = E9F068EB1F27B7FB00DDF1A1 /* SingleTask.swift */; };
		E9F068F01F27B93E00DDF1A1 /* ConfigurationSchedule.swift in Sources */ = {isa = PBXBuildFile; fileRef = E9F068EF1F27B93E00DDF1A1 /* ConfigurationSchedule.swift */; };
		E9F068F21F27B9C100DDF1A1 /* ArgumentsOneConfiguration.swift in Sources */ = {isa = PBXBuildFile; fileRef = E9F068F11F27B9C100DDF1A1 /* ArgumentsOneConfiguration.swift */; };
		E9F068F41F27BA0200DDF1A1 /* Readwritefiles.swift in Sources */ = {isa = PBXBuildFile; fileRef = E9F068F31F27BA0200DDF1A1 /* Readwritefiles.swift */; };
		E9F413BB1F63AC2A00C0945E /* Schedules.swift in Sources */ = {isa = PBXBuildFile; fileRef = E9F413BA1F63AC2A00C0945E /* Schedules.swift */; };
		E9F4EBB81EB4C32D006EEEF1 /* CommandSsh.swift in Sources */ = {isa = PBXBuildFile; fileRef = E9F4EBB71EB4C32D006EEEF1 /* CommandSsh.swift */; };
		E9F941641FC5FCC3005F2439 /* Fileerrors.swift in Sources */ = {isa = PBXBuildFile; fileRef = E9F941621FC5FCC3005F2439 /* Fileerrors.swift */; };
		E9F941651FC5FCC3005F2439 /* Logging.swift in Sources */ = {isa = PBXBuildFile; fileRef = E9F941631FC5FCC3005F2439 /* Logging.swift */; };
		E9FFA02D1E7287E100B7AB2B /* ProcessCmd.swift in Sources */ = {isa = PBXBuildFile; fileRef = E9FFA02C1E7287E100B7AB2B /* ProcessCmd.swift */; };
		E9FFA02F1E728C6E00B7AB2B /* Rsync.swift in Sources */ = {isa = PBXBuildFile; fileRef = E9FFA02E1E728C6E00B7AB2B /* Rsync.swift */; };
/* End PBXBuildFile section */

/* Begin PBXFileReference section */
		A0041EEE1D7D4357002BF081 /* ScheduleSortedAndExpanded.swift */ = {isa = PBXFileReference; fileEncoding = 4; lastKnownFileType = sourcecode.swift; path = ScheduleSortedAndExpanded.swift; sourceTree = "<group>"; };
		A004D8191D9586580016914F /* ViewControllerLoggData.swift */ = {isa = PBXFileReference; fileEncoding = 4; lastKnownFileType = sourcecode.swift; path = ViewControllerLoggData.swift; sourceTree = "<group>"; };
		A00FE1A71D6A19CF00012089 /* ViewControllerNewConfigurations.swift */ = {isa = PBXFileReference; fileEncoding = 4; lastKnownFileType = sourcecode.swift; path = ViewControllerNewConfigurations.swift; sourceTree = "<group>"; };
		A00FE1A91D6A1AAB00012089 /* Alerts.swift */ = {isa = PBXFileReference; fileEncoding = 4; lastKnownFileType = sourcecode.swift; path = Alerts.swift; sourceTree = "<group>"; };
		A017E29F1D7D3242003016F5 /* ViewControllerEdit.swift */ = {isa = PBXFileReference; fileEncoding = 4; lastKnownFileType = sourcecode.swift; path = ViewControllerEdit.swift; sourceTree = "<group>"; };
		A02A4AD81D7EFD3D0059CECD /* ViewControllerScheduleDetails.swift */ = {isa = PBXFileReference; fileEncoding = 4; lastKnownFileType = sourcecode.swift; path = ViewControllerScheduleDetails.swift; sourceTree = "<group>"; };
		A03876E01DB4FD9D00C14AEA /* ViewControllerProfile.swift */ = {isa = PBXFileReference; fileEncoding = 4; lastKnownFileType = sourcecode.swift; path = ViewControllerProfile.swift; sourceTree = "<group>"; };
		A0400C841D794EF1008A3949 /* ViewControllerNewVersion.swift */ = {isa = PBXFileReference; fileEncoding = 4; lastKnownFileType = sourcecode.swift; path = ViewControllerNewVersion.swift; sourceTree = "<group>"; };
		A0400C861D794FF8008A3949 /* Checkfornewversion.swift */ = {isa = PBXFileReference; fileEncoding = 4; lastKnownFileType = sourcecode.swift; path = Checkfornewversion.swift; sourceTree = "<group>"; };
		A0430AD91DAFFD3C00BBC106 /* SingleTaskWorkQueu.swift */ = {isa = PBXFileReference; fileEncoding = 4; lastKnownFileType = sourcecode.swift; path = SingleTaskWorkQueu.swift; sourceTree = "<group>"; };
		A04492821D658EE800B3CE17 /* RsyncOSX.app */ = {isa = PBXFileReference; explicitFileType = wrapper.application; includeInIndex = 0; path = RsyncOSX.app; sourceTree = BUILT_PRODUCTS_DIR; };
		A04492851D658EE800B3CE17 /* AppDelegate.swift */ = {isa = PBXFileReference; lastKnownFileType = sourcecode.swift; path = AppDelegate.swift; sourceTree = "<group>"; };
		A04492891D658EE800B3CE17 /* Assets.xcassets */ = {isa = PBXFileReference; lastKnownFileType = folder.assetcatalog; path = Assets.xcassets; sourceTree = "<group>"; };
		A044928C1D658EE800B3CE17 /* Base */ = {isa = PBXFileReference; lastKnownFileType = file.storyboard; name = Base; path = Base.lproj/Main.storyboard; sourceTree = "<group>"; };
		A044928E1D658EE800B3CE17 /* Info.plist */ = {isa = PBXFileReference; lastKnownFileType = text.plist.xml; path = Info.plist; sourceTree = "<group>"; };
		A04492951D658F2100B3CE17 /* ytcpsocket.c */ = {isa = PBXFileReference; fileEncoding = 4; lastKnownFileType = sourcecode.c.c; path = ytcpsocket.c; sourceTree = "<group>"; };
		A04492961D658F2100B3CE17 /* yudpsocket.c */ = {isa = PBXFileReference; fileEncoding = 4; lastKnownFileType = sourcecode.c.c; path = yudpsocket.c; sourceTree = "<group>"; };
		A04492981D658F2100B3CE17 /* Configuration.swift */ = {isa = PBXFileReference; fileEncoding = 4; lastKnownFileType = sourcecode.swift; path = Configuration.swift; sourceTree = "<group>"; };
		A044929C1D658F2100B3CE17 /* PersistentStorageScheduling.swift */ = {isa = PBXFileReference; fileEncoding = 4; lastKnownFileType = sourcecode.swift; path = PersistentStorageScheduling.swift; sourceTree = "<group>"; };
		A044929E1D658F2100B3CE17 /* RsyncParametersProcess.swift */ = {isa = PBXFileReference; fileEncoding = 4; lastKnownFileType = sourcecode.swift; path = RsyncParametersProcess.swift; sourceTree = "<group>"; };
		A04492A01D658F2100B3CE17 /* CopyFileArguments.swift */ = {isa = PBXFileReference; fileEncoding = 4; lastKnownFileType = sourcecode.swift; path = CopyFileArguments.swift; sourceTree = "<group>"; };
		A04492A31D658F2100B3CE17 /* PersistentStorageAPI.swift */ = {isa = PBXFileReference; fileEncoding = 4; lastKnownFileType = sourcecode.swift; path = PersistentStorageAPI.swift; sourceTree = "<group>"; };
		A04492A61D658F2100B3CE17 /* ysocket.swift */ = {isa = PBXFileReference; fileEncoding = 4; lastKnownFileType = sourcecode.swift; path = ysocket.swift; sourceTree = "<group>"; };
		A04492A71D658F2100B3CE17 /* ytcpsocket.swift */ = {isa = PBXFileReference; fileEncoding = 4; lastKnownFileType = sourcecode.swift; path = ytcpsocket.swift; sourceTree = "<group>"; };
		A04492A81D658F2100B3CE17 /* yudpsocket.swift */ = {isa = PBXFileReference; fileEncoding = 4; lastKnownFileType = sourcecode.swift; path = yudpsocket.swift; sourceTree = "<group>"; };
		A049724F1D6595B200086EFD /* OutputProcess.swift */ = {isa = PBXFileReference; fileEncoding = 4; lastKnownFileType = sourcecode.swift; path = OutputProcess.swift; sourceTree = "<group>"; };
		A05275D91D6F6E0000D8ECBE /* BatchTaskWorkQueu.swift */ = {isa = PBXFileReference; fileEncoding = 4; lastKnownFileType = sourcecode.swift; path = BatchTaskWorkQueu.swift; sourceTree = "<group>"; };
		A054F1A81D6D773E00D27688 /* ViewControllerInformation.swift */ = {isa = PBXFileReference; fileEncoding = 4; lastKnownFileType = sourcecode.swift; path = ViewControllerInformation.swift; sourceTree = "<group>"; };
		A0762A1E1DB4A8F000538CE9 /* Profiles.swift */ = {isa = PBXFileReference; fileEncoding = 4; lastKnownFileType = sourcecode.swift; path = Profiles.swift; sourceTree = "<group>"; };
		A08110661D6DA7D8009444D3 /* ViewControllerProgressProcess.swift */ = {isa = PBXFileReference; fileEncoding = 4; lastKnownFileType = sourcecode.swift; path = ViewControllerProgressProcess.swift; sourceTree = "<group>"; };
		A091C6571D86A0A800278E74 /* ViewControllerCopyFiles.swift */ = {isa = PBXFileReference; fileEncoding = 4; lastKnownFileType = sourcecode.swift; path = ViewControllerCopyFiles.swift; sourceTree = "<group>"; };
		A091C65A1D86A59500278E74 /* CopySingleFiles.swift */ = {isa = PBXFileReference; fileEncoding = 4; lastKnownFileType = sourcecode.swift; path = CopySingleFiles.swift; sourceTree = "<group>"; };
		A0A403501D76BD2E00A30017 /* ViewControllerRsyncParameters.swift */ = {isa = PBXFileReference; fileEncoding = 4; lastKnownFileType = sourcecode.swift; path = ViewControllerRsyncParameters.swift; sourceTree = "<group>"; };
		A0AA33801D6F926A00DF4C77 /* ViewControllerBatch.swift */ = {isa = PBXFileReference; fileEncoding = 4; lastKnownFileType = sourcecode.swift; path = ViewControllerBatch.swift; sourceTree = "<group>"; };
		A0AD15AD1D7DB78F0004600F /* ScheduleOperationTimer.swift */ = {isa = PBXFileReference; fileEncoding = 4; lastKnownFileType = sourcecode.swift; path = ScheduleOperationTimer.swift; sourceTree = "<group>"; };
		A0B340B11D67077A00C6DAC3 /* ViewControllertabMain.swift */ = {isa = PBXFileReference; fileEncoding = 4; lastKnownFileType = sourcecode.swift; path = ViewControllertabMain.swift; sourceTree = "<group>"; };
		A0B340B31D67079700C6DAC3 /* ViewControllertabSchedule.swift */ = {isa = PBXFileReference; fileEncoding = 4; lastKnownFileType = sourcecode.swift; path = ViewControllertabSchedule.swift; sourceTree = "<group>"; };
		A0B3D9731D758E20001E190E /* ViewControllerUserconfiguration.swift */ = {isa = PBXFileReference; fileEncoding = 4; lastKnownFileType = sourcecode.swift; path = ViewControllerUserconfiguration.swift; sourceTree = "<group>"; };
		A0CACFD31DA2738500C5997A /* RsyncParametersVC.swift */ = {isa = PBXFileReference; fileEncoding = 4; lastKnownFileType = sourcecode.swift; path = RsyncParametersVC.swift; sourceTree = "<group>"; };
		A0DD27071D92DDF400D56899 /* FileDialog.swift */ = {isa = PBXFileReference; fileEncoding = 4; lastKnownFileType = sourcecode.swift; path = FileDialog.swift; sourceTree = "<group>"; };
		A0EE98981D8948310034F1A4 /* ViewControllerInformationCopyFiles.swift */ = {isa = PBXFileReference; fileEncoding = 4; lastKnownFileType = sourcecode.swift; path = ViewControllerInformationCopyFiles.swift; sourceTree = "<group>"; };
		A0EFB44F1DC080A9008C21A6 /* PersistentStorageUserconfiguration.swift */ = {isa = PBXFileReference; fileEncoding = 4; lastKnownFileType = sourcecode.swift; path = PersistentStorageUserconfiguration.swift; sourceTree = "<group>"; };
		A0F2E20B1D6D91AA0091E8BF /* Userconfiguration.swift */ = {isa = PBXFileReference; fileEncoding = 4; lastKnownFileType = sourcecode.swift; path = Userconfiguration.swift; sourceTree = "<group>"; };
		A0F3F9241DC65CE9001D305F /* ViewControllerScheduledBackupInWork.swift */ = {isa = PBXFileReference; fileEncoding = 4; lastKnownFileType = sourcecode.swift; path = ViewControllerScheduledBackupInWork.swift; sourceTree = "<group>"; };
		A0FAF5CE1DDF2E5F0009FE7A /* ViewControllerAbout.swift */ = {isa = PBXFileReference; fileEncoding = 4; lastKnownFileType = sourcecode.swift; path = ViewControllerAbout.swift; sourceTree = "<group>"; };
		A0FC45631D9545CC005208EF /* ScheduleLoggData.swift */ = {isa = PBXFileReference; fileEncoding = 4; lastKnownFileType = sourcecode.swift; path = ScheduleLoggData.swift; sourceTree = "<group>"; };
		E905DC101EACF7550003BF37 /* ViewControllerSsh.swift */ = {isa = PBXFileReference; fileEncoding = 4; lastKnownFileType = sourcecode.swift; path = ViewControllerSsh.swift; sourceTree = "<group>"; };
		E905EDB31FED05B10044234E /* QuickBackup.swift */ = {isa = PBXFileReference; lastKnownFileType = sourcecode.swift; path = QuickBackup.swift; sourceTree = "<group>"; };
		E90F3C40201659720089D68B /* ViewControllerSnapshots.swift */ = {isa = PBXFileReference; lastKnownFileType = sourcecode.swift; path = ViewControllerSnapshots.swift; sourceTree = "<group>"; };
		E91A688F1EA777690056BCFC /* ScheduleWriteLoggData.swift */ = {isa = PBXFileReference; fileEncoding = 4; lastKnownFileType = sourcecode.swift; path = ScheduleWriteLoggData.swift; sourceTree = "<group>"; };
		E91B6E891FFA17B800A2231A /* ViewControllerRemoteInfo.swift */ = {isa = PBXFileReference; lastKnownFileType = sourcecode.swift; path = ViewControllerRemoteInfo.swift; sourceTree = "<group>"; };
		E9230C0D1E6DDC57001D9954 /* RsyncParametersSingleFilesArguments.swift */ = {isa = PBXFileReference; fileEncoding = 4; lastKnownFileType = sourcecode.swift; path = RsyncParametersSingleFilesArguments.swift; sourceTree = "<group>"; };
		E9231AFA1F6E3D260055000C /* NewConfigurations.swift */ = {isa = PBXFileReference; lastKnownFileType = sourcecode.swift; path = NewConfigurations.swift; sourceTree = "<group>"; };
		E9234FFA1EB068AE00A4C550 /* Files.swift */ = {isa = PBXFileReference; fileEncoding = 4; lastKnownFileType = sourcecode.swift; path = Files.swift; sourceTree = "<group>"; };
		E9235E79201BC27F0060E3B2 /* SnapshotDeleteCatalogsArguments.swift */ = {isa = PBXFileReference; lastKnownFileType = sourcecode.swift; path = SnapshotDeleteCatalogsArguments.swift; sourceTree = "<group>"; };
		E92A623A203D7B1C000B9300 /* Notifications.swift */ = {isa = PBXFileReference; lastKnownFileType = sourcecode.swift; path = Notifications.swift; sourceTree = "<group>"; };
		E92D03182010CB2D00A92813 /* SnapshotCreateCatalog.swift */ = {isa = PBXFileReference; lastKnownFileType = sourcecode.swift; path = SnapshotCreateCatalog.swift; sourceTree = "<group>"; };
		E92E1B971E7438CF004876D8 /* Help.swift */ = {isa = PBXFileReference; fileEncoding = 4; lastKnownFileType = sourcecode.swift; path = Help.swift; sourceTree = "<group>"; };
		E9374D2B1E3299E800CD3945 /* ExecuteTaskTimer.swift */ = {isa = PBXFileReference; fileEncoding = 4; lastKnownFileType = sourcecode.swift; path = ExecuteTaskTimer.swift; sourceTree = "<group>"; };
		E9374D2D1E329A5800CD3945 /* CompleteScheduledOperation.swift */ = {isa = PBXFileReference; fileEncoding = 4; lastKnownFileType = sourcecode.swift; path = CompleteScheduledOperation.swift; sourceTree = "<group>"; };
		E93D82131E79C69500B20965 /* ViewControllerHelp.swift */ = {isa = PBXFileReference; fileEncoding = 4; lastKnownFileType = sourcecode.swift; path = ViewControllerHelp.swift; sourceTree = "<group>"; };
		E942FF281FED41D0004191B5 /* ViewControllerQuickBackup.swift */ = {isa = PBXFileReference; lastKnownFileType = sourcecode.swift; path = ViewControllerQuickBackup.swift; sourceTree = "<group>"; };
		E943DC651FF90A6600E6B8B7 /* RemoteInfoTask.swift */ = {isa = PBXFileReference; lastKnownFileType = sourcecode.swift; path = RemoteInfoTask.swift; sourceTree = "<group>"; };
		E943DC671FF9115200E6B8B7 /* EstimateRemoteInformationTask.swift */ = {isa = PBXFileReference; lastKnownFileType = sourcecode.swift; path = EstimateRemoteInformationTask.swift; sourceTree = "<group>"; };
		E943DC691FF9141D00E6B8B7 /* RemoteInfoTaskWorkQueue.swift */ = {isa = PBXFileReference; lastKnownFileType = sourcecode.swift; path = RemoteInfoTaskWorkQueue.swift; sourceTree = "<group>"; };
		E94DC7D71F9B6FE4009CA835 /* ScheduleOperationDispatch.swift */ = {isa = PBXFileReference; lastKnownFileType = sourcecode.swift; path = ScheduleOperationDispatch.swift; sourceTree = "<group>"; };
		E9573548201BB83E00316257 /* SnapshotCommandDeleteCatalogs.swift */ = {isa = PBXFileReference; lastKnownFileType = sourcecode.swift; path = SnapshotCommandDeleteCatalogs.swift; sourceTree = "<group>"; };
		E957B1111F5F17220099947A /* ViewControllerReference.swift */ = {isa = PBXFileReference; lastKnownFileType = sourcecode.swift; path = ViewControllerReference.swift; sourceTree = "<group>"; };
		E958CDDE1FA4CEBD00EA37A5 /* ViewControllerExtensions.swift */ = {isa = PBXFileReference; lastKnownFileType = sourcecode.swift; path = ViewControllerExtensions.swift; sourceTree = "<group>"; };
		E9609EF41F229F5900F5BFAA /* PersistentStorageConfiguration.swift */ = {isa = PBXFileReference; lastKnownFileType = sourcecode.swift; path = PersistentStorageConfiguration.swift; sourceTree = "<group>"; };
		E9612CB21F9BCBD4003A3CAE /* ExecuteTaskDispatch.swift */ = {isa = PBXFileReference; lastKnownFileType = sourcecode.swift; path = ExecuteTaskDispatch.swift; sourceTree = "<group>"; };
		E9614AD51F231AFC00CAE21A /* Tools.swift */ = {isa = PBXFileReference; lastKnownFileType = sourcecode.swift; path = Tools.swift; sourceTree = "<group>"; };
		E96CA1FD1E094C3000CD1D03 /* Resources.swift */ = {isa = PBXFileReference; fileEncoding = 4; lastKnownFileType = sourcecode.swift; path = Resources.swift; sourceTree = "<group>"; };
		E9764F5F204BEE970018C0D7 /* AllProfiles.swift */ = {isa = PBXFileReference; lastKnownFileType = sourcecode.swift; path = AllProfiles.swift; sourceTree = "<group>"; };
		E97C09A61EFAFBC400E86999 /* BatchTask.swift */ = {isa = PBXFileReference; fileEncoding = 4; lastKnownFileType = sourcecode.swift; path = BatchTask.swift; sourceTree = "<group>"; };
		E97E3BA61F6256DB00411D0E /* Configurations.swift */ = {isa = PBXFileReference; lastKnownFileType = sourcecode.swift; path = Configurations.swift; sourceTree = "<group>"; };
		E989CE951EF948D0000CB7C2 /* ChmodPubKey.swift */ = {isa = PBXFileReference; fileEncoding = 4; lastKnownFileType = sourcecode.swift; path = ChmodPubKey.swift; sourceTree = "<group>"; };
		E99FC81C200FD88D00477B1A /* SnapshotCreateCatalogArguments.swift */ = {isa = PBXFileReference; lastKnownFileType = sourcecode.swift; path = SnapshotCreateCatalogArguments.swift; sourceTree = "<group>"; };
		E9A63063202B425D00F1FFF1 /* Running.swift */ = {isa = PBXFileReference; lastKnownFileType = sourcecode.swift; path = Running.swift; sourceTree = "<group>"; };
		E9A8D81B1ED20AEB009648DE /* GetRemoteFileListingsArguments.swift */ = {isa = PBXFileReference; fileEncoding = 4; lastKnownFileType = sourcecode.swift; path = GetRemoteFileListingsArguments.swift; sourceTree = "<group>"; };
		E9C30B4A201623B00079C63D /* SnapshotsLoggData.swift */ = {isa = PBXFileReference; lastKnownFileType = sourcecode.swift; path = SnapshotsLoggData.swift; sourceTree = "<group>"; };
		E9C30B4C201625500079C63D /* SnapshotCommandSubCatalogs.swift */ = {isa = PBXFileReference; lastKnownFileType = sourcecode.swift; path = SnapshotCommandSubCatalogs.swift; sourceTree = "<group>"; };
		E9C6EA891ED2AE2F00680D4D /* Numbers.swift */ = {isa = PBXFileReference; fileEncoding = 4; lastKnownFileType = sourcecode.swift; path = Numbers.swift; sourceTree = "<group>"; };
		E9CF14131E729540008E8A15 /* RsyncScheduled.swift */ = {isa = PBXFileReference; fileEncoding = 4; lastKnownFileType = sourcecode.swift; path = RsyncScheduled.swift; sourceTree = "<group>"; };
		E9CF14151E729636008E8A15 /* CommandCopyFiles.swift */ = {isa = PBXFileReference; fileEncoding = 4; lastKnownFileType = sourcecode.swift; path = CommandCopyFiles.swift; sourceTree = "<group>"; };
		E9D0A0111F9CBDFE0050A868 /* OperationFactory.swift */ = {isa = PBXFileReference; lastKnownFileType = sourcecode.swift; path = OperationFactory.swift; sourceTree = "<group>"; };
		E9DCEA861E75F67200A69B4D /* OutputBatch.swift */ = {isa = PBXFileReference; fileEncoding = 4; lastKnownFileType = sourcecode.swift; path = OutputBatch.swift; sourceTree = "<group>"; };
		E9E1D83F1F767B740040C813 /* InfoSchedulesSortedAndExpanded.swift */ = {isa = PBXFileReference; lastKnownFileType = sourcecode.swift; path = InfoSchedulesSortedAndExpanded.swift; sourceTree = "<group>"; };
		E9E63E41200EA62600CBD1A0 /* SnapshotCurrent.swift */ = {isa = PBXFileReference; lastKnownFileType = sourcecode.swift; path = SnapshotCurrent.swift; sourceTree = "<group>"; };
		E9E63E43200EA6C300CBD1A0 /* SnapshotCurrentArguments.swift */ = {isa = PBXFileReference; lastKnownFileType = sourcecode.swift; path = SnapshotCurrentArguments.swift; sourceTree = "<group>"; };
		E9E70A3B1FF3BCB30099554D /* RsyncVersionString.swift */ = {isa = PBXFileReference; lastKnownFileType = sourcecode.swift; path = RsyncVersionString.swift; sourceTree = "<group>"; };
		E9E763701E6AEA5300B45E8D /* ViewControllerCopyFilesSource.swift */ = {isa = PBXFileReference; fileEncoding = 4; lastKnownFileType = sourcecode.swift; path = ViewControllerCopyFilesSource.swift; sourceTree = "<group>"; };
		E9E88FCF1EB25A080028432F /* ScpArgumentsSsh.swift */ = {isa = PBXFileReference; fileEncoding = 4; lastKnownFileType = sourcecode.swift; path = ScpArgumentsSsh.swift; sourceTree = "<group>"; };
		E9EC78701EACE082001EED9B /* Ssh.swift */ = {isa = PBXFileReference; fileEncoding = 4; lastKnownFileType = sourcecode.swift; path = Ssh.swift; sourceTree = "<group>"; };
		E9F068EB1F27B7FB00DDF1A1 /* SingleTask.swift */ = {isa = PBXFileReference; lastKnownFileType = sourcecode.swift; path = SingleTask.swift; sourceTree = "<group>"; };
		E9F068EF1F27B93E00DDF1A1 /* ConfigurationSchedule.swift */ = {isa = PBXFileReference; lastKnownFileType = sourcecode.swift; path = ConfigurationSchedule.swift; sourceTree = "<group>"; };
		E9F068F11F27B9C100DDF1A1 /* ArgumentsOneConfiguration.swift */ = {isa = PBXFileReference; lastKnownFileType = sourcecode.swift; path = ArgumentsOneConfiguration.swift; sourceTree = "<group>"; };
		E9F068F31F27BA0200DDF1A1 /* Readwritefiles.swift */ = {isa = PBXFileReference; lastKnownFileType = sourcecode.swift; path = Readwritefiles.swift; sourceTree = "<group>"; };
		E9F413BA1F63AC2A00C0945E /* Schedules.swift */ = {isa = PBXFileReference; lastKnownFileType = sourcecode.swift; path = Schedules.swift; sourceTree = "<group>"; };
		E9F4EBB71EB4C32D006EEEF1 /* CommandSsh.swift */ = {isa = PBXFileReference; fileEncoding = 4; lastKnownFileType = sourcecode.swift; path = CommandSsh.swift; sourceTree = "<group>"; };
		E9F941621FC5FCC3005F2439 /* Fileerrors.swift */ = {isa = PBXFileReference; fileEncoding = 4; lastKnownFileType = sourcecode.swift; path = Fileerrors.swift; sourceTree = "<group>"; };
		E9F941631FC5FCC3005F2439 /* Logging.swift */ = {isa = PBXFileReference; fileEncoding = 4; lastKnownFileType = sourcecode.swift; path = Logging.swift; sourceTree = "<group>"; };
		E9FFA02C1E7287E100B7AB2B /* ProcessCmd.swift */ = {isa = PBXFileReference; fileEncoding = 4; lastKnownFileType = sourcecode.swift; path = ProcessCmd.swift; sourceTree = "<group>"; };
		E9FFA02E1E728C6E00B7AB2B /* Rsync.swift */ = {isa = PBXFileReference; fileEncoding = 4; lastKnownFileType = sourcecode.swift; path = Rsync.swift; sourceTree = "<group>"; };
/* End PBXFileReference section */

/* Begin PBXFrameworksBuildPhase section */
		A044927F1D658EE800B3CE17 /* Frameworks */ = {
			isa = PBXFrameworksBuildPhase;
			buildActionMask = 2147483647;
			files = (
			);
			runOnlyForDeploymentPostprocessing = 0;
		};
/* End PBXFrameworksBuildPhase section */

/* Begin PBXGroup section */
		A04492791D658EE800B3CE17 = {
			isa = PBXGroup;
			children = (
				A04492841D658EE800B3CE17 /* RsyncOSX */,
				A04492831D658EE800B3CE17 /* Products */,
			);
			sourceTree = "<group>";
		};
		A04492831D658EE800B3CE17 /* Products */ = {
			isa = PBXGroup;
			children = (
				A04492821D658EE800B3CE17 /* RsyncOSX.app */,
			);
			name = Products;
			sourceTree = "<group>";
		};
		A04492841D658EE800B3CE17 /* RsyncOSX */ = {
			isa = PBXGroup;
			children = (
				A04492851D658EE800B3CE17 /* AppDelegate.swift */,
				A04492C31D658FF900B3CE17 /* View */,
				A04492BE1D658F8900B3CE17 /* Model */,
				A04492BD1D658F7C00B3CE17 /* Controller */,
				A04492891D658EE800B3CE17 /* Assets.xcassets */,
				A044928B1D658EE800B3CE17 /* Main.storyboard */,
				A044928E1D658EE800B3CE17 /* Info.plist */,
			);
			path = RsyncOSX;
			sourceTree = "<group>";
		};
		A04492BD1D658F7C00B3CE17 /* Controller */ = {
			isa = PBXGroup;
			children = (
				E957B1131F5F2A3A0099947A /* ViewControllerReference */,
				E91A688E1EA7771B0056BCFC /* Loggdata */,
				A0BAA5F31D70C349003BE69F /* Schedules */,
				A0BAA5F21D70C33A003BE69F /* Configurations */,
			);
			name = Controller;
			sourceTree = "<group>";
		};
		A04492BE1D658F8900B3CE17 /* Model */ = {
			isa = PBXGroup;
			children = (
				E9764F5E204BEE710018C0D7 /* AllProfiles */,
				E99FC81E200FDDBC00477B1A /* ProcessArguments */,
				E98BD0991FF8BF8400A00782 /* RemoteInformation */,
				E99AEC701FF8BBA40004992B /* Userconfiguration */,
				E905EDB21FED057F0044234E /* QuickBackup */,
				E9F941611FC5FCAE005F2439 /* Logging */,
				E99D50781EE16241003621D3 /* RsyncParameters */,
				E99FC81F200FDE2A00477B1A /* Output */,
				E9234FF91EB0680D00A4C550 /* UserProfiles */,
				E9EC786F1EACE063001EED9B /* Ssh */,
				E9D0A0101F9CBD8A0050A868 /* ScheduleOperation */,
				E988FCBC1F9BCF0A00F21FB9 /* ScheduleOperationDispatch */,
				E9374D2A1E32992900CD3945 /* ScheduledOperationsTimer */,
				A04492C41D65901400B3CE17 /* Utils */,
				A091C6591D86A1F400278E74 /* CopyFiles */,
				A05275DB1D6F6E2C00D8ECBE /* Execution */,
				A04492C51D65904500B3CE17 /* Process */,
				A04492C11D658FB900B3CE17 /* Schedule */,
				A04492C01D658FA600B3CE17 /* Configuration */,
				A04492BF1D658F9400B3CE17 /* ReadWriteFiles */,
				E90E51051F47094800B71F0F /* PersistentStorage */,
			);
			name = Model;
			sourceTree = "<group>";
		};
		A04492BF1D658F9400B3CE17 /* ReadWriteFiles */ = {
			isa = PBXGroup;
			children = (
				E9234FFA1EB068AE00A4C550 /* Files.swift */,
				E9F068F31F27BA0200DDF1A1 /* Readwritefiles.swift */,
			);
			name = ReadWriteFiles;
			sourceTree = "<group>";
		};
		A04492C01D658FA600B3CE17 /* Configuration */ = {
			isa = PBXGroup;
			children = (
				A04492981D658F2100B3CE17 /* Configuration.swift */,
				E9F068F11F27B9C100DDF1A1 /* ArgumentsOneConfiguration.swift */,
			);
			name = Configuration;
			sourceTree = "<group>";
		};
		A04492C11D658FB900B3CE17 /* Schedule */ = {
			isa = PBXGroup;
			children = (
				E9F068EF1F27B93E00DDF1A1 /* ConfigurationSchedule.swift */,
			);
			name = Schedule;
			sourceTree = "<group>";
		};
		A04492C21D658FC300B3CE17 /* yudpsocket */ = {
			isa = PBXGroup;
			children = (
				A04492A61D658F2100B3CE17 /* ysocket.swift */,
				A04492A71D658F2100B3CE17 /* ytcpsocket.swift */,
				A04492A81D658F2100B3CE17 /* yudpsocket.swift */,
				A04492951D658F2100B3CE17 /* ytcpsocket.c */,
				A04492961D658F2100B3CE17 /* yudpsocket.c */,
			);
			name = yudpsocket;
			sourceTree = "<group>";
		};
		A04492C31D658FF900B3CE17 /* View */ = {
			isa = PBXGroup;
			children = (
				A0A403501D76BD2E00A30017 /* ViewControllerRsyncParameters.swift */,
				A004D8191D9586580016914F /* ViewControllerLoggData.swift */,
				A0B340B11D67077A00C6DAC3 /* ViewControllertabMain.swift */,
				A0B340B31D67079700C6DAC3 /* ViewControllertabSchedule.swift */,
				A054F1A81D6D773E00D27688 /* ViewControllerInformation.swift */,
				A08110661D6DA7D8009444D3 /* ViewControllerProgressProcess.swift */,
				A00FE1A71D6A19CF00012089 /* ViewControllerNewConfigurations.swift */,
				A0AA33801D6F926A00DF4C77 /* ViewControllerBatch.swift */,
				A0B3D9731D758E20001E190E /* ViewControllerUserconfiguration.swift */,
				A0400C841D794EF1008A3949 /* ViewControllerNewVersion.swift */,
				A017E29F1D7D3242003016F5 /* ViewControllerEdit.swift */,
				A02A4AD81D7EFD3D0059CECD /* ViewControllerScheduleDetails.swift */,
				A091C6571D86A0A800278E74 /* ViewControllerCopyFiles.swift */,
				A0EE98981D8948310034F1A4 /* ViewControllerInformationCopyFiles.swift */,
				A03876E01DB4FD9D00C14AEA /* ViewControllerProfile.swift */,
				A0F3F9241DC65CE9001D305F /* ViewControllerScheduledBackupInWork.swift */,
				A0FAF5CE1DDF2E5F0009FE7A /* ViewControllerAbout.swift */,
				E9E763701E6AEA5300B45E8D /* ViewControllerCopyFilesSource.swift */,
				E93D82131E79C69500B20965 /* ViewControllerHelp.swift */,
				E905DC101EACF7550003BF37 /* ViewControllerSsh.swift */,
				E958CDDE1FA4CEBD00EA37A5 /* ViewControllerExtensions.swift */,
				E942FF281FED41D0004191B5 /* ViewControllerQuickBackup.swift */,
				E91B6E891FFA17B800A2231A /* ViewControllerRemoteInfo.swift */,
				E90F3C40201659720089D68B /* ViewControllerSnapshots.swift */,
			);
			name = View;
			sourceTree = "<group>";
		};
		A04492C41D65901400B3CE17 /* Utils */ = {
			isa = PBXGroup;
			children = (
				A04492C21D658FC300B3CE17 /* yudpsocket */,
				E9C6EA891ED2AE2F00680D4D /* Numbers.swift */,
				A00FE1A91D6A1AAB00012089 /* Alerts.swift */,
				A0400C861D794FF8008A3949 /* Checkfornewversion.swift */,
				A0DD27071D92DDF400D56899 /* FileDialog.swift */,
				E96CA1FD1E094C3000CD1D03 /* Resources.swift */,
				E92E1B971E7438CF004876D8 /* Help.swift */,
				E9614AD51F231AFC00CAE21A /* Tools.swift */,
				E9A63063202B425D00F1FFF1 /* Running.swift */,
				E92A623A203D7B1C000B9300 /* Notifications.swift */,
			);
			name = Utils;
			sourceTree = "<group>";
		};
		A04492C51D65904500B3CE17 /* Process */ = {
			isa = PBXGroup;
			children = (
				E9F4EBB71EB4C32D006EEEF1 /* CommandSsh.swift */,
				E943DC671FF9115200E6B8B7 /* EstimateRemoteInformationTask.swift */,
				E9FFA02C1E7287E100B7AB2B /* ProcessCmd.swift */,
				E9FFA02E1E728C6E00B7AB2B /* Rsync.swift */,
				E9CF14131E729540008E8A15 /* RsyncScheduled.swift */,
				E9CF14151E729636008E8A15 /* CommandCopyFiles.swift */,
				E9E70A3B1FF3BCB30099554D /* RsyncVersionString.swift */,
				E9E63E41200EA62600CBD1A0 /* SnapshotCurrent.swift */,
				E92D03182010CB2D00A92813 /* SnapshotCreateCatalog.swift */,
				E9C30B4C201625500079C63D /* SnapshotCommandSubCatalogs.swift */,
				E9573548201BB83E00316257 /* SnapshotCommandDeleteCatalogs.swift */,
			);
			name = Process;
			sourceTree = "<group>";
		};
		A05275DB1D6F6E2C00D8ECBE /* Execution */ = {
			isa = PBXGroup;
			children = (
				A0430AD91DAFFD3C00BBC106 /* SingleTaskWorkQueu.swift */,
				A05275D91D6F6E0000D8ECBE /* BatchTaskWorkQueu.swift */,
				E97C09A61EFAFBC400E86999 /* BatchTask.swift */,
				E9F068EB1F27B7FB00DDF1A1 /* SingleTask.swift */,
			);
			name = Execution;
			sourceTree = "<group>";
		};
		A091C6591D86A1F400278E74 /* CopyFiles */ = {
			isa = PBXGroup;
			children = (
				A091C65A1D86A59500278E74 /* CopySingleFiles.swift */,
			);
			name = CopyFiles;
			sourceTree = "<group>";
		};
		A0BAA5F21D70C33A003BE69F /* Configurations */ = {
			isa = PBXGroup;
			children = (
				E97E3BA61F6256DB00411D0E /* Configurations.swift */,
				E9231AFA1F6E3D260055000C /* NewConfigurations.swift */,
			);
			name = Configurations;
			sourceTree = "<group>";
		};
		A0BAA5F31D70C349003BE69F /* Schedules */ = {
			isa = PBXGroup;
			children = (
				A0041EEE1D7D4357002BF081 /* ScheduleSortedAndExpanded.swift */,
				E9F413BA1F63AC2A00C0945E /* Schedules.swift */,
				E9E1D83F1F767B740040C813 /* InfoSchedulesSortedAndExpanded.swift */,
			);
			name = Schedules;
			sourceTree = "<group>";
		};
		E905EDB21FED057F0044234E /* QuickBackup */ = {
			isa = PBXGroup;
			children = (
				E905EDB31FED05B10044234E /* QuickBackup.swift */,
			);
			name = QuickBackup;
			sourceTree = "<group>";
		};
		E90E51051F47094800B71F0F /* PersistentStorage */ = {
			isa = PBXGroup;
			children = (
				A04492A31D658F2100B3CE17 /* PersistentStorageAPI.swift */,
				A044929C1D658F2100B3CE17 /* PersistentStorageScheduling.swift */,
				E9609EF41F229F5900F5BFAA /* PersistentStorageConfiguration.swift */,
				A0EFB44F1DC080A9008C21A6 /* PersistentStorageUserconfiguration.swift */,
			);
			name = PersistentStorage;
			sourceTree = "<group>";
		};
		E91A688E1EA7771B0056BCFC /* Loggdata */ = {
			isa = PBXGroup;
			children = (
				A0FC45631D9545CC005208EF /* ScheduleLoggData.swift */,
				E91A688F1EA777690056BCFC /* ScheduleWriteLoggData.swift */,
				E9C30B4A201623B00079C63D /* SnapshotsLoggData.swift */,
			);
			name = Loggdata;
			sourceTree = "<group>";
		};
		E9234FF91EB0680D00A4C550 /* UserProfiles */ = {
			isa = PBXGroup;
			children = (
				A0762A1E1DB4A8F000538CE9 /* Profiles.swift */,
			);
			name = UserProfiles;
			sourceTree = "<group>";
		};
		E9374D2A1E32992900CD3945 /* ScheduledOperationsTimer */ = {
			isa = PBXGroup;
			children = (
				A0AD15AD1D7DB78F0004600F /* ScheduleOperationTimer.swift */,
				E9374D2B1E3299E800CD3945 /* ExecuteTaskTimer.swift */,
			);
			name = ScheduledOperationsTimer;
			sourceTree = "<group>";
		};
		E957B1131F5F2A3A0099947A /* ViewControllerReference */ = {
			isa = PBXGroup;
			children = (
				E957B1111F5F17220099947A /* ViewControllerReference.swift */,
			);
			name = ViewControllerReference;
			sourceTree = "<group>";
		};
		E9764F5E204BEE710018C0D7 /* AllProfiles */ = {
			isa = PBXGroup;
			children = (
				E9764F5F204BEE970018C0D7 /* AllProfiles.swift */,
			);
			name = AllProfiles;
			sourceTree = "<group>";
		};
		E988FCBC1F9BCF0A00F21FB9 /* ScheduleOperationDispatch */ = {
			isa = PBXGroup;
			children = (
				E9612CB21F9BCBD4003A3CAE /* ExecuteTaskDispatch.swift */,
				E94DC7D71F9B6FE4009CA835 /* ScheduleOperationDispatch.swift */,
			);
			name = ScheduleOperationDispatch;
			sourceTree = "<group>";
		};
		E98BD0991FF8BF8400A00782 /* RemoteInformation */ = {
			isa = PBXGroup;
			children = (
				E943DC651FF90A6600E6B8B7 /* RemoteInfoTask.swift */,
				E943DC691FF9141D00E6B8B7 /* RemoteInfoTaskWorkQueue.swift */,
			);
			name = RemoteInformation;
			sourceTree = "<group>";
		};
		E99AEC701FF8BBA40004992B /* Userconfiguration */ = {
			isa = PBXGroup;
			children = (
				A0F2E20B1D6D91AA0091E8BF /* Userconfiguration.swift */,
			);
			name = Userconfiguration;
			sourceTree = "<group>";
		};
		E99D50781EE16241003621D3 /* RsyncParameters */ = {
			isa = PBXGroup;
			children = (
				A044929E1D658F2100B3CE17 /* RsyncParametersProcess.swift */,
				A0CACFD31DA2738500C5997A /* RsyncParametersVC.swift */,
			);
			name = RsyncParameters;
			sourceTree = "<group>";
		};
		E99FC81E200FDDBC00477B1A /* ProcessArguments */ = {
			isa = PBXGroup;
			children = (
				E9E88FCF1EB25A080028432F /* ScpArgumentsSsh.swift */,
				E99FC81C200FD88D00477B1A /* SnapshotCreateCatalogArguments.swift */,
				E9E63E43200EA6C300CBD1A0 /* SnapshotCurrentArguments.swift */,
				E9A8D81B1ED20AEB009648DE /* GetRemoteFileListingsArguments.swift */,
				A04492A01D658F2100B3CE17 /* CopyFileArguments.swift */,
				E9230C0D1E6DDC57001D9954 /* RsyncParametersSingleFilesArguments.swift */,
				E9235E79201BC27F0060E3B2 /* SnapshotDeleteCatalogsArguments.swift */,
			);
			name = ProcessArguments;
			sourceTree = "<group>";
		};
		E99FC81F200FDE2A00477B1A /* Output */ = {
			isa = PBXGroup;
			children = (
				E9DCEA861E75F67200A69B4D /* OutputBatch.swift */,
				A049724F1D6595B200086EFD /* OutputProcess.swift */,
			);
			name = Output;
			sourceTree = "<group>";
		};
		E9D0A0101F9CBD8A0050A868 /* ScheduleOperation */ = {
			isa = PBXGroup;
			children = (
				E9374D2D1E329A5800CD3945 /* CompleteScheduledOperation.swift */,
				E9D0A0111F9CBDFE0050A868 /* OperationFactory.swift */,
			);
			name = ScheduleOperation;
			sourceTree = "<group>";
		};
		E9EC786F1EACE063001EED9B /* Ssh */ = {
			isa = PBXGroup;
			children = (
				E9EC78701EACE082001EED9B /* Ssh.swift */,
				E989CE951EF948D0000CB7C2 /* ChmodPubKey.swift */,
			);
			name = Ssh;
			sourceTree = "<group>";
		};
		E9F941611FC5FCAE005F2439 /* Logging */ = {
			isa = PBXGroup;
			children = (
				E9F941621FC5FCC3005F2439 /* Fileerrors.swift */,
				E9F941631FC5FCC3005F2439 /* Logging.swift */,
			);
			name = Logging;
			sourceTree = "<group>";
		};
/* End PBXGroup section */

/* Begin PBXNativeTarget section */
		A04492811D658EE800B3CE17 /* RsyncOSX */ = {
			isa = PBXNativeTarget;
			buildConfigurationList = A04492911D658EE800B3CE17 /* Build configuration list for PBXNativeTarget "RsyncOSX" */;
			buildPhases = (
				A044927E1D658EE800B3CE17 /* Sources */,
				A044927F1D658EE800B3CE17 /* Frameworks */,
				A04492801D658EE800B3CE17 /* Resources */,
				E9DF3E6D1F1B5F180055DB66 /* ShellScript */,
			);
			buildRules = (
			);
			dependencies = (
			);
			name = RsyncOSX;
			productName = RsyncOSX;
			productReference = A04492821D658EE800B3CE17 /* RsyncOSX.app */;
			productType = "com.apple.product-type.application";
		};
/* End PBXNativeTarget section */

/* Begin PBXProject section */
		A044927A1D658EE800B3CE17 /* Project object */ = {
			isa = PBXProject;
			attributes = {
				LastSwiftUpdateCheck = 0800;
				LastUpgradeCheck = 0900;
				ORGANIZATIONNAME = "Thomas Evensen";
				TargetAttributes = {
					A04492811D658EE800B3CE17 = {
						CreatedOnToolsVersion = 8.0;
						DevelopmentTeam = 93M47F4H9T;
						LastSwiftMigration = 0900;
						ProvisioningStyle = Automatic;
					};
				};
			};
			buildConfigurationList = A044927D1D658EE800B3CE17 /* Build configuration list for PBXProject "RsyncOSX" */;
			compatibilityVersion = "Xcode 3.2";
			developmentRegion = English;
			hasScannedForEncodings = 0;
			knownRegions = (
				en,
				Base,
			);
			mainGroup = A04492791D658EE800B3CE17;
			productRefGroup = A04492831D658EE800B3CE17 /* Products */;
			projectDirPath = "";
			projectRoot = "";
			targets = (
				A04492811D658EE800B3CE17 /* RsyncOSX */,
			);
		};
/* End PBXProject section */

/* Begin PBXResourcesBuildPhase section */
		A04492801D658EE800B3CE17 /* Resources */ = {
			isa = PBXResourcesBuildPhase;
			buildActionMask = 2147483647;
			files = (
				A044928A1D658EE800B3CE17 /* Assets.xcassets in Resources */,
				A044928D1D658EE800B3CE17 /* Main.storyboard in Resources */,
			);
			runOnlyForDeploymentPostprocessing = 0;
		};
/* End PBXResourcesBuildPhase section */

/* Begin PBXShellScriptBuildPhase section */
		E9DF3E6D1F1B5F180055DB66 /* ShellScript */ = {
			isa = PBXShellScriptBuildPhase;
			buildActionMask = 2147483647;
			files = (
			);
			inputPaths = (
			);
			outputPaths = (
			);
			runOnlyForDeploymentPostprocessing = 0;
			shellPath = /bin/sh;
			shellScript = "if which swiftlint >/dev/null; then\nswiftlint\nelse\necho \"warning: SwiftLint not installed, download from https://github.com/realm/SwiftLint\"\nfi";
		};
/* End PBXShellScriptBuildPhase section */

/* Begin PBXSourcesBuildPhase section */
		A044927E1D658EE800B3CE17 /* Sources */ = {
			isa = PBXSourcesBuildPhase;
			buildActionMask = 2147483647;
			files = (
				A04972511D6595B200086EFD /* OutputProcess.swift in Sources */,
				E943DC6A1FF9141D00E6B8B7 /* RemoteInfoTaskWorkQueue.swift in Sources */,
				A0AD15AE1D7DB78F0004600F /* ScheduleOperationTimer.swift in Sources */,
				E942FF291FED41D0004191B5 /* ViewControllerQuickBackup.swift in Sources */,
				A0B340B41D67079700C6DAC3 /* ViewControllertabSchedule.swift in Sources */,
				E9231AFB1F6E3D270055000C /* NewConfigurations.swift in Sources */,
				E9609EF51F229F5900F5BFAA /* PersistentStorageConfiguration.swift in Sources */,
				A0041EEF1D7D4357002BF081 /* ScheduleSortedAndExpanded.swift in Sources */,
				E9A8D81C1ED20AEB009648DE /* GetRemoteFileListingsArguments.swift in Sources */,
				E9A63064202B425D00F1FFF1 /* Running.swift in Sources */,
				E9F941651FC5FCC3005F2439 /* Logging.swift in Sources */,
				E9614AD61F231AFC00CAE21A /* Tools.swift in Sources */,
				E97E3BA71F6256DB00411D0E /* Configurations.swift in Sources */,
				E9764F60204BEE970018C0D7 /* AllProfiles.swift in Sources */,
				A0EE98991D8948310034F1A4 /* ViewControllerInformationCopyFiles.swift in Sources */,
				A04492B71D658F2100B3CE17 /* PersistentStorageAPI.swift in Sources */,
				E9612CB31F9BCBD4003A3CAE /* ExecuteTaskDispatch.swift in Sources */,
				E9F068F41F27BA0200DDF1A1 /* Readwritefiles.swift in Sources */,
				E989CE961EF948D0000CB7C2 /* ChmodPubKey.swift in Sources */,
				E9E70A3C1FF3BCB30099554D /* RsyncVersionString.swift in Sources */,
				E9E88FD01EB25A080028432F /* ScpArgumentsSsh.swift in Sources */,
				A03876E11DB4FD9D00C14AEA /* ViewControllerProfile.swift in Sources */,
				A0400C871D794FF8008A3949 /* Checkfornewversion.swift in Sources */,
				A04492AA1D658F2100B3CE17 /* yudpsocket.c in Sources */,
				E96CA1FE1E094C3000CD1D03 /* Resources.swift in Sources */,
				A04492B21D658F2100B3CE17 /* RsyncParametersProcess.swift in Sources */,
				E9230C0E1E6DDC57001D9954 /* RsyncParametersSingleFilesArguments.swift in Sources */,
				A05275DA1D6F6E0000D8ECBE /* BatchTaskWorkQueu.swift in Sources */,
				A0EFB4501DC080A9008C21A6 /* PersistentStorageUserconfiguration.swift in Sources */,
				E9F068F01F27B93E00DDF1A1 /* ConfigurationSchedule.swift in Sources */,
				A00FE1AA1D6A1AAB00012089 /* Alerts.swift in Sources */,
				E9DCEA871E75F67200A69B4D /* OutputBatch.swift in Sources */,
				E9573549201BB83E00316257 /* SnapshotCommandDeleteCatalogs.swift in Sources */,
				E9C6EA8A1ED2AE2F00680D4D /* Numbers.swift in Sources */,
				A0F2E20C1D6D91AA0091E8BF /* Userconfiguration.swift in Sources */,
				A0762A1F1DB4A8F000538CE9 /* Profiles.swift in Sources */,
				E99FC81D200FD88D00477B1A /* SnapshotCreateCatalogArguments.swift in Sources */,
				E9FFA02F1E728C6E00B7AB2B /* Rsync.swift in Sources */,
				E9234FFB1EB068AE00A4C550 /* Files.swift in Sources */,
				E9E763711E6AEA5300B45E8D /* ViewControllerCopyFilesSource.swift in Sources */,
				E94DC7D81F9B6FE4009CA835 /* ScheduleOperationDispatch.swift in Sources */,
				A0FC45641D9545CC005208EF /* ScheduleLoggData.swift in Sources */,
				A04492A91D658F2100B3CE17 /* ytcpsocket.c in Sources */,
				E90F3C41201659720089D68B /* ViewControllerSnapshots.swift in Sources */,
				E97C09A71EFAFBC400E86999 /* BatchTask.swift in Sources */,
				E91B6E8A1FFA17B800A2231A /* ViewControllerRemoteInfo.swift in Sources */,
				E9374D2C1E3299E800CD3945 /* ExecuteTaskTimer.swift in Sources */,
				A00FE1A81D6A19CF00012089 /* ViewControllerNewConfigurations.swift in Sources */,
				E9374D2E1E329A5800CD3945 /* CompleteScheduledOperation.swift in Sources */,
				A0400C851D794EF1008A3949 /* ViewControllerNewVersion.swift in Sources */,
				E9F941641FC5FCC3005F2439 /* Fileerrors.swift in Sources */,
				E957B1121F5F17220099947A /* ViewControllerReference.swift in Sources */,
				A0F3F9251DC65CE9001D305F /* ViewControllerScheduledBackupInWork.swift in Sources */,
				A0AA33811D6F926A00DF4C77 /* ViewControllerBatch.swift in Sources */,
				E9F068EC1F27B7FB00DDF1A1 /* SingleTask.swift in Sources */,
				A054F1A91D6D773E00D27688 /* ViewControllerInformation.swift in Sources */,
				A0430ADA1DAFFD3C00BBC106 /* SingleTaskWorkQueu.swift in Sources */,
				E9D0A0121F9CBDFE0050A868 /* OperationFactory.swift in Sources */,
				E92A623B203D7B1C000B9300 /* Notifications.swift in Sources */,
				A004D81A1D9586580016914F /* ViewControllerLoggData.swift in Sources */,
				E9F4EBB81EB4C32D006EEEF1 /* CommandSsh.swift in Sources */,
				A04492BB1D658F2100B3CE17 /* ytcpsocket.swift in Sources */,
				E92D03192010CB2D00A92813 /* SnapshotCreateCatalog.swift in Sources */,
				E9C30B4D201625500079C63D /* SnapshotCommandSubCatalogs.swift in Sources */,
				E9C30B4B201623B00079C63D /* SnapshotsLoggData.swift in Sources */,
				E9F068F21F27B9C100DDF1A1 /* ArgumentsOneConfiguration.swift in Sources */,
				A091C65B1D86A59500278E74 /* CopySingleFiles.swift in Sources */,
				E943DC661FF90A6600E6B8B7 /* RemoteInfoTask.swift in Sources */,
				A0DD27081D92DDF400D56899 /* FileDialog.swift in Sources */,
				A0A403521D76BD2E00A30017 /* ViewControllerRsyncParameters.swift in Sources */,
				A04492B41D658F2100B3CE17 /* CopyFileArguments.swift in Sources */,
				E9CF14141E729540008E8A15 /* RsyncScheduled.swift in Sources */,
				A0B3D9741D758E20001E190E /* ViewControllerUserconfiguration.swift in Sources */,
				E9CF14161E729636008E8A15 /* CommandCopyFiles.swift in Sources */,
				A0FAF5CF1DDF2E5F0009FE7A /* ViewControllerAbout.swift in Sources */,
				E905EDB41FED05B10044234E /* QuickBackup.swift in Sources */,
				A017E2A01D7D3242003016F5 /* ViewControllerEdit.swift in Sources */,
				E9E63E44200EA6C300CBD1A0 /* SnapshotCurrentArguments.swift in Sources */,
				A0B340B21D67077A00C6DAC3 /* ViewControllertabMain.swift in Sources */,
				E9EC78711EACE082001EED9B /* Ssh.swift in Sources */,
				E958CDDF1FA4CEBD00EA37A5 /* ViewControllerExtensions.swift in Sources */,
				E905DC111EACF7550003BF37 /* ViewControllerSsh.swift in Sources */,
				E93D82141E79C69500B20965 /* ViewControllerHelp.swift in Sources */,
				E91A68901EA777690056BCFC /* ScheduleWriteLoggData.swift in Sources */,
				E9FFA02D1E7287E100B7AB2B /* ProcessCmd.swift in Sources */,
				A02A4AD91D7EFD3D0059CECD /* ViewControllerScheduleDetails.swift in Sources */,
				A04492BC1D658F2100B3CE17 /* yudpsocket.swift in Sources */,
				A0CACFD41DA2738500C5997A /* RsyncParametersVC.swift in Sources */,
				A04492AC1D658F2100B3CE17 /* Configuration.swift in Sources */,
				A04492861D658EE800B3CE17 /* AppDelegate.swift in Sources */,
				E9E1D8401F767B740040C813 /* InfoSchedulesSortedAndExpanded.swift in Sources */,
				E943DC681FF9115200E6B8B7 /* EstimateRemoteInformationTask.swift in Sources */,
				E9E63E42200EA62600CBD1A0 /* SnapshotCurrent.swift in Sources */,
				A04492BA1D658F2100B3CE17 /* ysocket.swift in Sources */,
				E9F413BB1F63AC2A00C0945E /* Schedules.swift in Sources */,
				A091C6581D86A0A800278E74 /* ViewControllerCopyFiles.swift in Sources */,
				E92E1B981E7438CF004876D8 /* Help.swift in Sources */,
				E9235E7A201BC27F0060E3B2 /* SnapshotDeleteCatalogsArguments.swift in Sources */,
				A08110671D6DA7D8009444D3 /* ViewControllerProgressProcess.swift in Sources */,
				A04492B01D658F2100B3CE17 /* PersistentStorageScheduling.swift in Sources */,
			);
			runOnlyForDeploymentPostprocessing = 0;
		};
/* End PBXSourcesBuildPhase section */

/* Begin PBXVariantGroup section */
		A044928B1D658EE800B3CE17 /* Main.storyboard */ = {
			isa = PBXVariantGroup;
			children = (
				A044928C1D658EE800B3CE17 /* Base */,
			);
			name = Main.storyboard;
			sourceTree = "<group>";
		};
/* End PBXVariantGroup section */

/* Begin XCBuildConfiguration section */
		A044928F1D658EE800B3CE17 /* Debug */ = {
			isa = XCBuildConfiguration;
			buildSettings = {
				ALWAYS_SEARCH_USER_PATHS = NO;
				CLANG_ANALYZER_NONNULL = YES;
				CLANG_CXX_LANGUAGE_STANDARD = "gnu++0x";
				CLANG_CXX_LIBRARY = "libc++";
				CLANG_ENABLE_MODULES = YES;
				CLANG_ENABLE_OBJC_ARC = YES;
				CLANG_WARN_BLOCK_CAPTURE_AUTORELEASING = YES;
				CLANG_WARN_BOOL_CONVERSION = YES;
				CLANG_WARN_COMMA = YES;
				CLANG_WARN_CONSTANT_CONVERSION = YES;
				CLANG_WARN_DIRECT_OBJC_ISA_USAGE = YES_ERROR;
				CLANG_WARN_DOCUMENTATION_COMMENTS = YES;
				CLANG_WARN_EMPTY_BODY = YES;
				CLANG_WARN_ENUM_CONVERSION = YES;
				CLANG_WARN_INFINITE_RECURSION = YES;
				CLANG_WARN_INT_CONVERSION = YES;
				CLANG_WARN_NON_LITERAL_NULL_CONVERSION = YES;
				CLANG_WARN_OBJC_LITERAL_CONVERSION = YES;
				CLANG_WARN_OBJC_ROOT_CLASS = YES_ERROR;
				CLANG_WARN_RANGE_LOOP_ANALYSIS = YES;
				CLANG_WARN_STRICT_PROTOTYPES = YES;
				CLANG_WARN_SUSPICIOUS_MOVE = YES;
				CLANG_WARN_SUSPICIOUS_MOVES = YES;
				CLANG_WARN_UNREACHABLE_CODE = YES;
				CLANG_WARN__DUPLICATE_METHOD_MATCH = YES;
				CODE_SIGN_IDENTITY = "-";
				COPY_PHASE_STRIP = NO;
				DEBUG_INFORMATION_FORMAT = dwarf;
				ENABLE_STRICT_OBJC_MSGSEND = YES;
				ENABLE_TESTABILITY = YES;
				GCC_C_LANGUAGE_STANDARD = gnu99;
				GCC_DYNAMIC_NO_PIC = NO;
				GCC_NO_COMMON_BLOCKS = YES;
				GCC_OPTIMIZATION_LEVEL = 0;
				GCC_PREPROCESSOR_DEFINITIONS = (
					"DEBUG=1",
					"$(inherited)",
				);
				GCC_WARN_64_TO_32_BIT_CONVERSION = YES;
				GCC_WARN_ABOUT_RETURN_TYPE = YES_ERROR;
				GCC_WARN_UNDECLARED_SELECTOR = YES;
				GCC_WARN_UNINITIALIZED_AUTOS = YES_AGGRESSIVE;
				GCC_WARN_UNUSED_FUNCTION = YES;
				GCC_WARN_UNUSED_VARIABLE = YES;
				MACOSX_DEPLOYMENT_TARGET = 10.11;
				MTL_ENABLE_DEBUG_INFO = YES;
				ONLY_ACTIVE_ARCH = YES;
				SDKROOT = macosx;
				SWIFT_ACTIVE_COMPILATION_CONDITIONS = DEBUG;
				SWIFT_OPTIMIZATION_LEVEL = "-Onone";
			};
			name = Debug;
		};
		A04492901D658EE800B3CE17 /* Release */ = {
			isa = XCBuildConfiguration;
			buildSettings = {
				ALWAYS_SEARCH_USER_PATHS = NO;
				CLANG_ANALYZER_NONNULL = YES;
				CLANG_CXX_LANGUAGE_STANDARD = "gnu++0x";
				CLANG_CXX_LIBRARY = "libc++";
				CLANG_ENABLE_MODULES = YES;
				CLANG_ENABLE_OBJC_ARC = YES;
				CLANG_WARN_BLOCK_CAPTURE_AUTORELEASING = YES;
				CLANG_WARN_BOOL_CONVERSION = YES;
				CLANG_WARN_COMMA = YES;
				CLANG_WARN_CONSTANT_CONVERSION = YES;
				CLANG_WARN_DIRECT_OBJC_ISA_USAGE = YES_ERROR;
				CLANG_WARN_DOCUMENTATION_COMMENTS = YES;
				CLANG_WARN_EMPTY_BODY = YES;
				CLANG_WARN_ENUM_CONVERSION = YES;
				CLANG_WARN_INFINITE_RECURSION = YES;
				CLANG_WARN_INT_CONVERSION = YES;
				CLANG_WARN_NON_LITERAL_NULL_CONVERSION = YES;
				CLANG_WARN_OBJC_LITERAL_CONVERSION = YES;
				CLANG_WARN_OBJC_ROOT_CLASS = YES_ERROR;
				CLANG_WARN_RANGE_LOOP_ANALYSIS = YES;
				CLANG_WARN_STRICT_PROTOTYPES = YES;
				CLANG_WARN_SUSPICIOUS_MOVE = YES;
				CLANG_WARN_SUSPICIOUS_MOVES = YES;
				CLANG_WARN_UNREACHABLE_CODE = YES;
				CLANG_WARN__DUPLICATE_METHOD_MATCH = YES;
				CODE_SIGN_IDENTITY = "-";
				COPY_PHASE_STRIP = NO;
				DEBUG_INFORMATION_FORMAT = "dwarf-with-dsym";
				ENABLE_NS_ASSERTIONS = NO;
				ENABLE_STRICT_OBJC_MSGSEND = YES;
				GCC_C_LANGUAGE_STANDARD = gnu99;
				GCC_NO_COMMON_BLOCKS = YES;
				GCC_WARN_64_TO_32_BIT_CONVERSION = YES;
				GCC_WARN_ABOUT_RETURN_TYPE = YES_ERROR;
				GCC_WARN_UNDECLARED_SELECTOR = YES;
				GCC_WARN_UNINITIALIZED_AUTOS = YES_AGGRESSIVE;
				GCC_WARN_UNUSED_FUNCTION = YES;
				GCC_WARN_UNUSED_VARIABLE = YES;
				MACOSX_DEPLOYMENT_TARGET = 10.11;
				MTL_ENABLE_DEBUG_INFO = NO;
				SDKROOT = macosx;
				SWIFT_OPTIMIZATION_LEVEL = "-Owholemodule";
			};
			name = Release;
		};
		A04492921D658EE800B3CE17 /* Debug */ = {
			isa = XCBuildConfiguration;
			buildSettings = {
				ASSETCATALOG_COMPILER_APPICON_NAME = AppIcon;
				CLANG_ENABLE_MODULES = YES;
				CODE_SIGN_IDENTITY = "Mac Developer";
				COMBINE_HIDPI_IMAGES = YES;
				DEVELOPMENT_TEAM = 93M47F4H9T;
				INFOPLIST_FILE = RsyncOSX/Info.plist;
				LD_RUNPATH_SEARCH_PATHS = "$(inherited) @executable_path/../Frameworks";
				MACOSX_DEPLOYMENT_TARGET = 10.11;
				PRODUCT_BUNDLE_IDENTIFIER = no.blogspot.RsyncOSX;
				PRODUCT_NAME = "$(TARGET_NAME)";
				PROVISIONING_PROFILE = "";
				PROVISIONING_PROFILE_SPECIFIER = "";
				SWIFT_OBJC_BRIDGING_HEADER = "RsyncOSX/RsyncOSX-Bridging-Header.h";
				SWIFT_OPTIMIZATION_LEVEL = "-Onone";
				SWIFT_SWIFT3_OBJC_INFERENCE = Off;
				SWIFT_VERSION = 4.0;
			};
			name = Debug;
		};
		A04492931D658EE800B3CE17 /* Release */ = {
			isa = XCBuildConfiguration;
			buildSettings = {
				ASSETCATALOG_COMPILER_APPICON_NAME = AppIcon;
				CLANG_ENABLE_MODULES = YES;
				CODE_SIGN_IDENTITY = "Mac Developer";
				COMBINE_HIDPI_IMAGES = YES;
				DEVELOPMENT_TEAM = 93M47F4H9T;
				INFOPLIST_FILE = RsyncOSX/Info.plist;
				LD_RUNPATH_SEARCH_PATHS = "$(inherited) @executable_path/../Frameworks";
				MACOSX_DEPLOYMENT_TARGET = 10.11;
				PRODUCT_BUNDLE_IDENTIFIER = no.blogspot.RsyncOSX;
				PRODUCT_NAME = "$(TARGET_NAME)";
				PROVISIONING_PROFILE = "";
				PROVISIONING_PROFILE_SPECIFIER = "";
				SWIFT_OBJC_BRIDGING_HEADER = "RsyncOSX/RsyncOSX-Bridging-Header.h";
				SWIFT_SWIFT3_OBJC_INFERENCE = Off;
				SWIFT_VERSION = 4.0;
			};
			name = Release;
		};
/* End XCBuildConfiguration section */

/* Begin XCConfigurationList section */
		A044927D1D658EE800B3CE17 /* Build configuration list for PBXProject "RsyncOSX" */ = {
			isa = XCConfigurationList;
			buildConfigurations = (
				A044928F1D658EE800B3CE17 /* Debug */,
				A04492901D658EE800B3CE17 /* Release */,
			);
			defaultConfigurationIsVisible = 0;
			defaultConfigurationName = Release;
		};
		A04492911D658EE800B3CE17 /* Build configuration list for PBXNativeTarget "RsyncOSX" */ = {
			isa = XCConfigurationList;
			buildConfigurations = (
				A04492921D658EE800B3CE17 /* Debug */,
				A04492931D658EE800B3CE17 /* Release */,
			);
			defaultConfigurationIsVisible = 0;
			defaultConfigurationName = Release;
		};
/* End XCConfigurationList section */
	};
	rootObject = A044927A1D658EE800B3CE17 /* Project object */;
}
